// !$*UTF8*$!
{
	archiveVersion = 1;
	classes = {
	};
	objectVersion = 55;
	objects = {

/* Begin PBXBuildFile section */
		5E0DE0D1BA110682C1940F1A /* Pods_Social_Media.framework in Frameworks */ = {isa = PBXBuildFile; fileRef = D974FC9F18D096FEDA509D09 /* Pods_Social_Media.framework */; };
		FA18BA2727BBD12800C4A266 /* PostDetailsVC.swift in Sources */ = {isa = PBXBuildFile; fileRef = FA18BA2627BBD12800C4A266 /* PostDetailsVC.swift */; };
		FA2C3658284782840044C737 /* PrfilePersonalVC.swift in Sources */ = {isa = PBXBuildFile; fileRef = FA2C3657284782840044C737 /* PrfilePersonalVC.swift */; };
		FA2E886527F7D69000545B96 /* PostAPI.swift in Sources */ = {isa = PBXBuildFile; fileRef = FA2E886427F7D69000545B96 /* PostAPI.swift */; };
		FA2E886727F7E55500545B96 /* UserAPI.swift in Sources */ = {isa = PBXBuildFile; fileRef = FA2E886627F7E55500545B96 /* UserAPI.swift */; };
		FA2E886927F7E76500545B96 /* API.swift in Sources */ = {isa = PBXBuildFile; fileRef = FA2E886827F7E76500545B96 /* API.swift */; };
		FA3111A527B2D25E002F1885 /* AppDelegate.swift in Sources */ = {isa = PBXBuildFile; fileRef = FA3111A427B2D25E002F1885 /* AppDelegate.swift */; };
		FA3111A727B2D25E002F1885 /* SceneDelegate.swift in Sources */ = {isa = PBXBuildFile; fileRef = FA3111A627B2D25E002F1885 /* SceneDelegate.swift */; };
		FA3111AC27B2D25E002F1885 /* Main.storyboard in Resources */ = {isa = PBXBuildFile; fileRef = FA3111AA27B2D25E002F1885 /* Main.storyboard */; };
		FA3111AE27B2D25F002F1885 /* Assets.xcassets in Resources */ = {isa = PBXBuildFile; fileRef = FA3111AD27B2D25F002F1885 /* Assets.xcassets */; };
		FA3111B127B2D25F002F1885 /* LaunchScreen.storyboard in Resources */ = {isa = PBXBuildFile; fileRef = FA3111AF27B2D25F002F1885 /* LaunchScreen.storyboard */; };
		FA3111B927B2D44E002F1885 /* PostsVC.swift in Sources */ = {isa = PBXBuildFile; fileRef = FA3111B827B2D44E002F1885 /* PostsVC.swift */; };
		FA3E6D37282B4A8E005F9366 /* TagsVC.swift in Sources */ = {isa = PBXBuildFile; fileRef = FA3E6D36282B4A8E005F9366 /* TagsVC.swift */; };
		FA3E6D39282B57B4005F9366 /* TabBarCustom.swift in Sources */ = {isa = PBXBuildFile; fileRef = FA3E6D38282B57B4005F9366 /* TabBarCustom.swift */; };
		FA3E6D3B282B627F005F9366 /* TagCell.swift in Sources */ = {isa = PBXBuildFile; fileRef = FA3E6D3A282B627F005F9366 /* TagCell.swift */; };
		FA4E0D8827C111C3007F130B /* Comment.swift in Sources */ = {isa = PBXBuildFile; fileRef = FA4E0D8727C111C3007F130B /* Comment.swift */; };
		FA4E0D8A27C11323007F130B /* CommentCell.swift in Sources */ = {isa = PBXBuildFile; fileRef = FA4E0D8927C11323007F130B /* CommentCell.swift */; };
		FA5A86C327FC77C600031DEB /* SignInVC.swift in Sources */ = {isa = PBXBuildFile; fileRef = FA5A86C227FC77C600031DEB /* SignInVC.swift */; };
		FA5F7FC22828D78A00F80705 /* UserManager.swift in Sources */ = {isa = PBXBuildFile; fileRef = FA5F7FC12828D78A00F80705 /* UserManager.swift */; };
		FA6F932827B4496E00A8571D /* Post.swift in Sources */ = {isa = PBXBuildFile; fileRef = FA6F932727B4496E00A8571D /* Post.swift */; };
		FA6F932D27B45F3500A8571D /* PostCell.swift in Sources */ = {isa = PBXBuildFile; fileRef = FA6F932C27B45F3500A8571D /* PostCell.swift */; };
		FA83F68427C2D63000901154 /* UIimage+StringUrlToImage.swift in Sources */ = {isa = PBXBuildFile; fileRef = FA83F68327C2D63000901154 /* UIimage+StringUrlToImage.swift */; };
		FA84410027F8972A00524E6B /* RegisterVC.swift in Sources */ = {isa = PBXBuildFile; fileRef = FA8440FF27F8972A00524E6B /* RegisterVC.swift */; };
		FA87EBFB2845CFAC00DCAAFF /* NewPostVC.swift in Sources */ = {isa = PBXBuildFile; fileRef = FA87EBFA2845CFAC00DCAAFF /* NewPostVC.swift */; };
		FA93253C27CCA22F00C4A84E /* ProfileVC.swift in Sources */ = {isa = PBXBuildFile; fileRef = FA93253B27CCA22F00C4A84E /* ProfileVC.swift */; };
		FA94F0CF27F5CFC40017D85A /* Location.swift in Sources */ = {isa = PBXBuildFile; fileRef = FA94F0CE27F5CFC40017D85A /* Location.swift */; };
		FA98AFC727B5BD3F00B08BC5 /* User.swift in Sources */ = {isa = PBXBuildFile; fileRef = FA98AFC627B5BD3F00B08BC5 /* User.swift */; };
		FAD961D027C7573300DF5C88 /* ShadowView.swift in Sources */ = {isa = PBXBuildFile; fileRef = FAD961CF27C7573300DF5C88 /* ShadowView.swift */; };
		FAEA97032841FCB50096A632 /* PostTagCell.swift in Sources */ = {isa = PBXBuildFile; fileRef = FAEA97022841FCB50096A632 /* PostTagCell.swift */; };
/* End PBXBuildFile section */

/* Begin PBXFileReference section */
		181A87AAEE88F6BD241570B6 /* Pods-Social-Media.debug.xcconfig */ = {isa = PBXFileReference; includeInIndex = 1; lastKnownFileType = text.xcconfig; name = "Pods-Social-Media.debug.xcconfig"; path = "Target Support Files/Pods-Social-Media/Pods-Social-Media.debug.xcconfig"; sourceTree = "<group>"; };
		907D1D02912808C6272D8205 /* Pods-Social-Media.release.xcconfig */ = {isa = PBXFileReference; includeInIndex = 1; lastKnownFileType = text.xcconfig; name = "Pods-Social-Media.release.xcconfig"; path = "Target Support Files/Pods-Social-Media/Pods-Social-Media.release.xcconfig"; sourceTree = "<group>"; };
		D974FC9F18D096FEDA509D09 /* Pods_Social_Media.framework */ = {isa = PBXFileReference; explicitFileType = wrapper.framework; includeInIndex = 0; path = Pods_Social_Media.framework; sourceTree = BUILT_PRODUCTS_DIR; };
		FA18BA2627BBD12800C4A266 /* PostDetailsVC.swift */ = {isa = PBXFileReference; lastKnownFileType = sourcecode.swift; path = PostDetailsVC.swift; sourceTree = "<group>"; };
		FA2C3657284782840044C737 /* PrfilePersonalVC.swift */ = {isa = PBXFileReference; lastKnownFileType = sourcecode.swift; path = PrfilePersonalVC.swift; sourceTree = "<group>"; };
		FA2E886427F7D69000545B96 /* PostAPI.swift */ = {isa = PBXFileReference; lastKnownFileType = sourcecode.swift; path = PostAPI.swift; sourceTree = "<group>"; };
		FA2E886627F7E55500545B96 /* UserAPI.swift */ = {isa = PBXFileReference; lastKnownFileType = sourcecode.swift; path = UserAPI.swift; sourceTree = "<group>"; };
		FA2E886827F7E76500545B96 /* API.swift */ = {isa = PBXFileReference; lastKnownFileType = sourcecode.swift; path = API.swift; sourceTree = "<group>"; };
		FA3111A127B2D25E002F1885 /* Social-Media.app */ = {isa = PBXFileReference; explicitFileType = wrapper.application; includeInIndex = 0; path = "Social-Media.app"; sourceTree = BUILT_PRODUCTS_DIR; };
		FA3111A427B2D25E002F1885 /* AppDelegate.swift */ = {isa = PBXFileReference; lastKnownFileType = sourcecode.swift; path = AppDelegate.swift; sourceTree = "<group>"; };
		FA3111A627B2D25E002F1885 /* SceneDelegate.swift */ = {isa = PBXFileReference; lastKnownFileType = sourcecode.swift; path = SceneDelegate.swift; sourceTree = "<group>"; };
		FA3111AB27B2D25E002F1885 /* Base */ = {isa = PBXFileReference; lastKnownFileType = file.storyboard; name = Base; path = Base.lproj/Main.storyboard; sourceTree = "<group>"; };
		FA3111AD27B2D25F002F1885 /* Assets.xcassets */ = {isa = PBXFileReference; lastKnownFileType = folder.assetcatalog; path = Assets.xcassets; sourceTree = "<group>"; };
		FA3111B027B2D25F002F1885 /* Base */ = {isa = PBXFileReference; lastKnownFileType = file.storyboard; name = Base; path = Base.lproj/LaunchScreen.storyboard; sourceTree = "<group>"; };
		FA3111B227B2D25F002F1885 /* Info.plist */ = {isa = PBXFileReference; lastKnownFileType = text.plist.xml; path = Info.plist; sourceTree = "<group>"; };
		FA3111B827B2D44E002F1885 /* PostsVC.swift */ = {isa = PBXFileReference; lastKnownFileType = sourcecode.swift; path = PostsVC.swift; sourceTree = "<group>"; };
		FA3E6D36282B4A8E005F9366 /* TagsVC.swift */ = {isa = PBXFileReference; lastKnownFileType = sourcecode.swift; path = TagsVC.swift; sourceTree = "<group>"; };
		FA3E6D38282B57B4005F9366 /* TabBarCustom.swift */ = {isa = PBXFileReference; lastKnownFileType = sourcecode.swift; path = TabBarCustom.swift; sourceTree = "<group>"; };
		FA3E6D3A282B627F005F9366 /* TagCell.swift */ = {isa = PBXFileReference; lastKnownFileType = sourcecode.swift; path = TagCell.swift; sourceTree = "<group>"; };
		FA4E0D8727C111C3007F130B /* Comment.swift */ = {isa = PBXFileReference; lastKnownFileType = sourcecode.swift; path = Comment.swift; sourceTree = "<group>"; };
		FA4E0D8927C11323007F130B /* CommentCell.swift */ = {isa = PBXFileReference; lastKnownFileType = sourcecode.swift; path = CommentCell.swift; sourceTree = "<group>"; };
		FA5A86C227FC77C600031DEB /* SignInVC.swift */ = {isa = PBXFileReference; lastKnownFileType = sourcecode.swift; path = SignInVC.swift; sourceTree = "<group>"; };
		FA5F7FC12828D78A00F80705 /* UserManager.swift */ = {isa = PBXFileReference; lastKnownFileType = sourcecode.swift; path = UserManager.swift; sourceTree = "<group>"; };
		FA6F932727B4496E00A8571D /* Post.swift */ = {isa = PBXFileReference; lastKnownFileType = sourcecode.swift; path = Post.swift; sourceTree = "<group>"; };
		FA6F932C27B45F3500A8571D /* PostCell.swift */ = {isa = PBXFileReference; lastKnownFileType = sourcecode.swift; path = PostCell.swift; sourceTree = "<group>"; };
		FA83F68327C2D63000901154 /* UIimage+StringUrlToImage.swift */ = {isa = PBXFileReference; lastKnownFileType = sourcecode.swift; path = "UIimage+StringUrlToImage.swift"; sourceTree = "<group>"; };
		FA8440FF27F8972A00524E6B /* RegisterVC.swift */ = {isa = PBXFileReference; lastKnownFileType = sourcecode.swift; path = RegisterVC.swift; sourceTree = "<group>"; };
		FA87EBFA2845CFAC00DCAAFF /* NewPostVC.swift */ = {isa = PBXFileReference; lastKnownFileType = sourcecode.swift; path = NewPostVC.swift; sourceTree = "<group>"; };
		FA93253B27CCA22F00C4A84E /* ProfileVC.swift */ = {isa = PBXFileReference; lastKnownFileType = sourcecode.swift; path = ProfileVC.swift; sourceTree = "<group>"; };
		FA94F0CE27F5CFC40017D85A /* Location.swift */ = {isa = PBXFileReference; lastKnownFileType = sourcecode.swift; path = Location.swift; sourceTree = "<group>"; };
		FA98AFC627B5BD3F00B08BC5 /* User.swift */ = {isa = PBXFileReference; lastKnownFileType = sourcecode.swift; path = User.swift; sourceTree = "<group>"; };
		FAD961CF27C7573300DF5C88 /* ShadowView.swift */ = {isa = PBXFileReference; lastKnownFileType = sourcecode.swift; path = ShadowView.swift; sourceTree = "<group>"; };
		FAEA97022841FCB50096A632 /* PostTagCell.swift */ = {isa = PBXFileReference; lastKnownFileType = sourcecode.swift; path = PostTagCell.swift; sourceTree = "<group>"; };
/* End PBXFileReference section */

/* Begin PBXFrameworksBuildPhase section */
		FA31119E27B2D25E002F1885 /* Frameworks */ = {
			isa = PBXFrameworksBuildPhase;
			buildActionMask = 2147483647;
			files = (
				5E0DE0D1BA110682C1940F1A /* Pods_Social_Media.framework in Frameworks */,
			);
			runOnlyForDeploymentPostprocessing = 0;
		};
/* End PBXFrameworksBuildPhase section */

/* Begin PBXGroup section */
		7FD78FE669EDB00D15D5269F /* Pods */ = {
			isa = PBXGroup;
			children = (
				181A87AAEE88F6BD241570B6 /* Pods-Social-Media.debug.xcconfig */,
				907D1D02912808C6272D8205 /* Pods-Social-Media.release.xcconfig */,
			);
			path = Pods;
			sourceTree = "<group>";
		};
		D8E8B5EA26725C039704755C /* Frameworks */ = {
			isa = PBXGroup;
			children = (
				D974FC9F18D096FEDA509D09 /* Pods_Social_Media.framework */,
			);
			name = Frameworks;
			sourceTree = "<group>";
		};
		FA2E886327F7D65C00545B96 /* Networking */ = {
			isa = PBXGroup;
			children = (
				FA2E886427F7D69000545B96 /* PostAPI.swift */,
				FA2E886627F7E55500545B96 /* UserAPI.swift */,
				FA2E886827F7E76500545B96 /* API.swift */,
			);
			path = Networking;
			sourceTree = "<group>";
		};
		FA31119827B2D25E002F1885 = {
			isa = PBXGroup;
			children = (
				FA3111A327B2D25E002F1885 /* Social-Media */,
				FA3111A227B2D25E002F1885 /* Products */,
				7FD78FE669EDB00D15D5269F /* Pods */,
				D8E8B5EA26725C039704755C /* Frameworks */,
			);
			sourceTree = "<group>";
		};
		FA3111A227B2D25E002F1885 /* Products */ = {
			isa = PBXGroup;
			children = (
				FA3111A127B2D25E002F1885 /* Social-Media.app */,
			);
			name = Products;
			sourceTree = "<group>";
		};
		FA3111A327B2D25E002F1885 /* Social-Media */ = {
			isa = PBXGroup;
			children = (
				FA2E886327F7D65C00545B96 /* Networking */,
				FA83F68227C2D5B100901154 /* Utilities */,
				FA6F932B27B44AC200A8571D /* Controllers */,
				FA6F932A27B44AB600A8571D /* Models */,
				FA6F932927B44AA400A8571D /* Views */,
				FA3111A427B2D25E002F1885 /* AppDelegate.swift */,
				FA3111A627B2D25E002F1885 /* SceneDelegate.swift */,
				FA3111AA27B2D25E002F1885 /* Main.storyboard */,
				FA3111AD27B2D25F002F1885 /* Assets.xcassets */,
				FA3111AF27B2D25F002F1885 /* LaunchScreen.storyboard */,
				FA3111B227B2D25F002F1885 /* Info.plist */,
			);
			path = "Social-Media";
			sourceTree = "<group>";
		};
		FA6F932927B44AA400A8571D /* Views */ = {
			isa = PBXGroup;
			children = (
				FA6F932C27B45F3500A8571D /* PostCell.swift */,
				FA3E6D3A282B627F005F9366 /* TagCell.swift */,
				FA4E0D8927C11323007F130B /* CommentCell.swift */,
				FAEA97022841FCB50096A632 /* PostTagCell.swift */,
				FAD961CF27C7573300DF5C88 /* ShadowView.swift */,
			);
			path = Views;
			sourceTree = "<group>";
		};
		FA6F932A27B44AB600A8571D /* Models */ = {
			isa = PBXGroup;
			children = (
				FA6F932727B4496E00A8571D /* Post.swift */,
				FA4E0D8727C111C3007F130B /* Comment.swift */,
				FA94F0CE27F5CFC40017D85A /* Location.swift */,
				FA98AFC627B5BD3F00B08BC5 /* User.swift */,
			);
			path = Models;
			sourceTree = "<group>";
		};
		FA6F932B27B44AC200A8571D /* Controllers */ = {
			isa = PBXGroup;
			children = (
				FA3111B827B2D44E002F1885 /* PostsVC.swift */,
				FA2C3657284782840044C737 /* PrfilePersonalVC.swift */,
				FA3E6D36282B4A8E005F9366 /* TagsVC.swift */,
				FA3E6D38282B57B4005F9366 /* TabBarCustom.swift */,
				FA8440FF27F8972A00524E6B /* RegisterVC.swift */,
				FA5A86C227FC77C600031DEB /* SignInVC.swift */,
				FA87EBFA2845CFAC00DCAAFF /* NewPostVC.swift */,
				FA93253B27CCA22F00C4A84E /* ProfileVC.swift */,
				FA18BA2627BBD12800C4A266 /* PostDetailsVC.swift */,
			);
			path = Controllers;
			sourceTree = "<group>";
		};
		FA83F68227C2D5B100901154 /* Utilities */ = {
			isa = PBXGroup;
			children = (
				FA83F68327C2D63000901154 /* UIimage+StringUrlToImage.swift */,
				FA5F7FC12828D78A00F80705 /* UserManager.swift */,
			);
			path = Utilities;
			sourceTree = "<group>";
		};
/* End PBXGroup section */

/* Begin PBXNativeTarget section */
		FA3111A027B2D25E002F1885 /* Social-Media */ = {
			isa = PBXNativeTarget;
			buildConfigurationList = FA3111B527B2D25F002F1885 /* Build configuration list for PBXNativeTarget "Social-Media" */;
			buildPhases = (
				17F64ABFE308FDF8F102FAC0 /* [CP] Check Pods Manifest.lock */,
				FA31119D27B2D25E002F1885 /* Sources */,
				FA31119E27B2D25E002F1885 /* Frameworks */,
				FA31119F27B2D25E002F1885 /* Resources */,
				16CAA574CBE9A193E0B2A445 /* [CP] Embed Pods Frameworks */,
			);
			buildRules = (
			);
			dependencies = (
			);
			name = "Social-Media";
			productName = "Social-Media";
			productReference = FA3111A127B2D25E002F1885 /* Social-Media.app */;
			productType = "com.apple.product-type.application";
		};
/* End PBXNativeTarget section */

/* Begin PBXProject section */
		FA31119927B2D25E002F1885 /* Project object */ = {
			isa = PBXProject;
			attributes = {
				BuildIndependentTargetsInParallel = 1;
				LastSwiftUpdateCheck = 1320;
				LastUpgradeCheck = 1320;
				TargetAttributes = {
					FA3111A027B2D25E002F1885 = {
						CreatedOnToolsVersion = 13.2.1;
					};
				};
			};
			buildConfigurationList = FA31119C27B2D25E002F1885 /* Build configuration list for PBXProject "Social-Media" */;
			compatibilityVersion = "Xcode 13.0";
			developmentRegion = en;
			hasScannedForEncodings = 0;
			knownRegions = (
				en,
				Base,
			);
			mainGroup = FA31119827B2D25E002F1885;
			productRefGroup = FA3111A227B2D25E002F1885 /* Products */;
			projectDirPath = "";
			projectRoot = "";
			targets = (
				FA3111A027B2D25E002F1885 /* Social-Media */,
			);
		};
/* End PBXProject section */

/* Begin PBXResourcesBuildPhase section */
		FA31119F27B2D25E002F1885 /* Resources */ = {
			isa = PBXResourcesBuildPhase;
			buildActionMask = 2147483647;
			files = (
				FA3111B127B2D25F002F1885 /* LaunchScreen.storyboard in Resources */,
				FA3111AE27B2D25F002F1885 /* Assets.xcassets in Resources */,
				FA3111AC27B2D25E002F1885 /* Main.storyboard in Resources */,
			);
			runOnlyForDeploymentPostprocessing = 0;
		};
/* End PBXResourcesBuildPhase section */

/* Begin PBXShellScriptBuildPhase section */
		16CAA574CBE9A193E0B2A445 /* [CP] Embed Pods Frameworks */ = {
			isa = PBXShellScriptBuildPhase;
			buildActionMask = 2147483647;
			files = (
			);
			inputFileListPaths = (
				"${PODS_ROOT}/Target Support Files/Pods-Social-Media/Pods-Social-Media-frameworks-${CONFIGURATION}-input-files.xcfilelist",
			);
			name = "[CP] Embed Pods Frameworks";
			outputFileListPaths = (
				"${PODS_ROOT}/Target Support Files/Pods-Social-Media/Pods-Social-Media-frameworks-${CONFIGURATION}-output-files.xcfilelist",
			);
			runOnlyForDeploymentPostprocessing = 0;
			shellPath = /bin/sh;
			shellScript = "\"${PODS_ROOT}/Target Support Files/Pods-Social-Media/Pods-Social-Media-frameworks.sh\"\n";
			showEnvVarsInLog = 0;
		};
		17F64ABFE308FDF8F102FAC0 /* [CP] Check Pods Manifest.lock */ = {
			isa = PBXShellScriptBuildPhase;
			buildActionMask = 2147483647;
			files = (
			);
			inputFileListPaths = (
			);
			inputPaths = (
				"${PODS_PODFILE_DIR_PATH}/Podfile.lock",
				"${PODS_ROOT}/Manifest.lock",
			);
			name = "[CP] Check Pods Manifest.lock";
			outputFileListPaths = (
			);
			outputPaths = (
				"$(DERIVED_FILE_DIR)/Pods-Social-Media-checkManifestLockResult.txt",
			);
			runOnlyForDeploymentPostprocessing = 0;
			shellPath = /bin/sh;
			shellScript = "diff \"${PODS_PODFILE_DIR_PATH}/Podfile.lock\" \"${PODS_ROOT}/Manifest.lock\" > /dev/null\nif [ $? != 0 ] ; then\n    # print error to STDERR\n    echo \"error: The sandbox is not in sync with the Podfile.lock. Run 'pod install' or update your CocoaPods installation.\" >&2\n    exit 1\nfi\n# This output is used by Xcode 'outputs' to avoid re-running this script phase.\necho \"SUCCESS\" > \"${SCRIPT_OUTPUT_FILE_0}\"\n";
			showEnvVarsInLog = 0;
		};
/* End PBXShellScriptBuildPhase section */

/* Begin PBXSourcesBuildPhase section */
		FA31119D27B2D25E002F1885 /* Sources */ = {
			isa = PBXSourcesBuildPhase;
			buildActionMask = 2147483647;
			files = (
				FA93253C27CCA22F00C4A84E /* ProfileVC.swift in Sources */,
				FA6F932827B4496E00A8571D /* Post.swift in Sources */,
				FA5F7FC22828D78A00F80705 /* UserManager.swift in Sources */,
				FA3111B927B2D44E002F1885 /* PostsVC.swift in Sources */,
				FA98AFC727B5BD3F00B08BC5 /* User.swift in Sources */,
				FA4E0D8827C111C3007F130B /* Comment.swift in Sources */,
				FA3E6D39282B57B4005F9366 /* TabBarCustom.swift in Sources */,
				FA6F932D27B45F3500A8571D /* PostCell.swift in Sources */,
				FA94F0CF27F5CFC40017D85A /* Location.swift in Sources */,
				FA4E0D8A27C11323007F130B /* CommentCell.swift in Sources */,
				FA5A86C327FC77C600031DEB /* SignInVC.swift in Sources */,
				FA2E886727F7E55500545B96 /* UserAPI.swift in Sources */,
				FA3E6D37282B4A8E005F9366 /* TagsVC.swift in Sources */,
				FA84410027F8972A00524E6B /* RegisterVC.swift in Sources */,
				FA2E886527F7D69000545B96 /* PostAPI.swift in Sources */,
				FA3111A527B2D25E002F1885 /* AppDelegate.swift in Sources */,
				FAEA97032841FCB50096A632 /* PostTagCell.swift in Sources */,
				FA3111A727B2D25E002F1885 /* SceneDelegate.swift in Sources */,
				FA3E6D3B282B627F005F9366 /* TagCell.swift in Sources */,
				FA87EBFB2845CFAC00DCAAFF /* NewPostVC.swift in Sources */,
				FA18BA2727BBD12800C4A266 /* PostDetailsVC.swift in Sources */,
				FA2C3658284782840044C737 /* PrfilePersonalVC.swift in Sources */,
				FAD961D027C7573300DF5C88 /* ShadowView.swift in Sources */,
				FA2E886927F7E76500545B96 /* API.swift in Sources */,
				FA83F68427C2D63000901154 /* UIimage+StringUrlToImage.swift in Sources */,
			);
			runOnlyForDeploymentPostprocessing = 0;
		};
/* End PBXSourcesBuildPhase section */

/* Begin PBXVariantGroup section */
		FA3111AA27B2D25E002F1885 /* Main.storyboard */ = {
			isa = PBXVariantGroup;
			children = (
				FA3111AB27B2D25E002F1885 /* Base */,
			);
			name = Main.storyboard;
			sourceTree = "<group>";
		};
		FA3111AF27B2D25F002F1885 /* LaunchScreen.storyboard */ = {
			isa = PBXVariantGroup;
			children = (
				FA3111B027B2D25F002F1885 /* Base */,
			);
			name = LaunchScreen.storyboard;
			sourceTree = "<group>";
		};
/* End PBXVariantGroup section */

/* Begin XCBuildConfiguration section */
		FA3111B327B2D25F002F1885 /* Debug */ = {
			isa = XCBuildConfiguration;
			buildSettings = {
				ALWAYS_SEARCH_USER_PATHS = NO;
				CLANG_ANALYZER_NONNULL = YES;
				CLANG_ANALYZER_NUMBER_OBJECT_CONVERSION = YES_AGGRESSIVE;
				CLANG_CXX_LANGUAGE_STANDARD = "gnu++17";
				CLANG_CXX_LIBRARY = "libc++";
				CLANG_ENABLE_MODULES = YES;
				CLANG_ENABLE_OBJC_ARC = YES;
				CLANG_ENABLE_OBJC_WEAK = YES;
				CLANG_WARN_BLOCK_CAPTURE_AUTORELEASING = YES;
				CLANG_WARN_BOOL_CONVERSION = YES;
				CLANG_WARN_COMMA = YES;
				CLANG_WARN_CONSTANT_CONVERSION = YES;
				CLANG_WARN_DEPRECATED_OBJC_IMPLEMENTATIONS = YES;
				CLANG_WARN_DIRECT_OBJC_ISA_USAGE = YES_ERROR;
				CLANG_WARN_DOCUMENTATION_COMMENTS = YES;
				CLANG_WARN_EMPTY_BODY = YES;
				CLANG_WARN_ENUM_CONVERSION = YES;
				CLANG_WARN_INFINITE_RECURSION = YES;
				CLANG_WARN_INT_CONVERSION = YES;
				CLANG_WARN_NON_LITERAL_NULL_CONVERSION = YES;
				CLANG_WARN_OBJC_IMPLICIT_RETAIN_SELF = YES;
				CLANG_WARN_OBJC_LITERAL_CONVERSION = YES;
				CLANG_WARN_OBJC_ROOT_CLASS = YES_ERROR;
				CLANG_WARN_QUOTED_INCLUDE_IN_FRAMEWORK_HEADER = YES;
				CLANG_WARN_RANGE_LOOP_ANALYSIS = YES;
				CLANG_WARN_STRICT_PROTOTYPES = YES;
				CLANG_WARN_SUSPICIOUS_MOVE = YES;
				CLANG_WARN_UNGUARDED_AVAILABILITY = YES_AGGRESSIVE;
				CLANG_WARN_UNREACHABLE_CODE = YES;
				CLANG_WARN__DUPLICATE_METHOD_MATCH = YES;
				COPY_PHASE_STRIP = NO;
				DEBUG_INFORMATION_FORMAT = dwarf;
				ENABLE_STRICT_OBJC_MSGSEND = YES;
				ENABLE_TESTABILITY = YES;
				GCC_C_LANGUAGE_STANDARD = gnu11;
				GCC_DYNAMIC_NO_PIC = NO;
				GCC_NO_COMMON_BLOCKS = YES;
				GCC_OPTIMIZATION_LEVEL = 0;
				GCC_PREPROCESSOR_DEFINITIONS = (
					"DEBUG=1",
					"$(inherited)",
				);
				GCC_WARN_64_TO_32_BIT_CONVERSION = YES;
				GCC_WARN_ABOUT_RETURN_TYPE = YES_ERROR;
				GCC_WARN_UNDECLARED_SELECTOR = YES;
				GCC_WARN_UNINITIALIZED_AUTOS = YES_AGGRESSIVE;
				GCC_WARN_UNUSED_FUNCTION = YES;
				GCC_WARN_UNUSED_VARIABLE = YES;
				IPHONEOS_DEPLOYMENT_TARGET = 15.2;
				MTL_ENABLE_DEBUG_INFO = INCLUDE_SOURCE;
				MTL_FAST_MATH = YES;
				ONLY_ACTIVE_ARCH = YES;
				SDKROOT = iphoneos;
				SWIFT_ACTIVE_COMPILATION_CONDITIONS = DEBUG;
				SWIFT_OPTIMIZATION_LEVEL = "-Onone";
			};
			name = Debug;
		};
		FA3111B427B2D25F002F1885 /* Release */ = {
			isa = XCBuildConfiguration;
			buildSettings = {
				ALWAYS_SEARCH_USER_PATHS = NO;
				CLANG_ANALYZER_NONNULL = YES;
				CLANG_ANALYZER_NUMBER_OBJECT_CONVERSION = YES_AGGRESSIVE;
				CLANG_CXX_LANGUAGE_STANDARD = "gnu++17";
				CLANG_CXX_LIBRARY = "libc++";
				CLANG_ENABLE_MODULES = YES;
				CLANG_ENABLE_OBJC_ARC = YES;
				CLANG_ENABLE_OBJC_WEAK = YES;
				CLANG_WARN_BLOCK_CAPTURE_AUTORELEASING = YES;
				CLANG_WARN_BOOL_CONVERSION = YES;
				CLANG_WARN_COMMA = YES;
				CLANG_WARN_CONSTANT_CONVERSION = YES;
				CLANG_WARN_DEPRECATED_OBJC_IMPLEMENTATIONS = YES;
				CLANG_WARN_DIRECT_OBJC_ISA_USAGE = YES_ERROR;
				CLANG_WARN_DOCUMENTATION_COMMENTS = YES;
				CLANG_WARN_EMPTY_BODY = YES;
				CLANG_WARN_ENUM_CONVERSION = YES;
				CLANG_WARN_INFINITE_RECURSION = YES;
				CLANG_WARN_INT_CONVERSION = YES;
				CLANG_WARN_NON_LITERAL_NULL_CONVERSION = YES;
				CLANG_WARN_OBJC_IMPLICIT_RETAIN_SELF = YES;
				CLANG_WARN_OBJC_LITERAL_CONVERSION = YES;
				CLANG_WARN_OBJC_ROOT_CLASS = YES_ERROR;
				CLANG_WARN_QUOTED_INCLUDE_IN_FRAMEWORK_HEADER = YES;
				CLANG_WARN_RANGE_LOOP_ANALYSIS = YES;
				CLANG_WARN_STRICT_PROTOTYPES = YES;
				CLANG_WARN_SUSPICIOUS_MOVE = YES;
				CLANG_WARN_UNGUARDED_AVAILABILITY = YES_AGGRESSIVE;
				CLANG_WARN_UNREACHABLE_CODE = YES;
				CLANG_WARN__DUPLICATE_METHOD_MATCH = YES;
				COPY_PHASE_STRIP = NO;
				DEBUG_INFORMATION_FORMAT = "dwarf-with-dsym";
				ENABLE_NS_ASSERTIONS = NO;
				ENABLE_STRICT_OBJC_MSGSEND = YES;
				GCC_C_LANGUAGE_STANDARD = gnu11;
				GCC_NO_COMMON_BLOCKS = YES;
				GCC_WARN_64_TO_32_BIT_CONVERSION = YES;
				GCC_WARN_ABOUT_RETURN_TYPE = YES_ERROR;
				GCC_WARN_UNDECLARED_SELECTOR = YES;
				GCC_WARN_UNINITIALIZED_AUTOS = YES_AGGRESSIVE;
				GCC_WARN_UNUSED_FUNCTION = YES;
				GCC_WARN_UNUSED_VARIABLE = YES;
				IPHONEOS_DEPLOYMENT_TARGET = 15.2;
				MTL_ENABLE_DEBUG_INFO = NO;
				MTL_FAST_MATH = YES;
				SDKROOT = iphoneos;
				SWIFT_COMPILATION_MODE = wholemodule;
				SWIFT_OPTIMIZATION_LEVEL = "-O";
				VALIDATE_PRODUCT = YES;
			};
			name = Release;
		};
		FA3111B627B2D25F002F1885 /* Debug */ = {
			isa = XCBuildConfiguration;
			baseConfigurationReference = 181A87AAEE88F6BD241570B6 /* Pods-Social-Media.debug.xcconfig */;
			buildSettings = {
				ASSETCATALOG_COMPILER_APPICON_NAME = AppIcon;
				ASSETCATALOG_COMPILER_GLOBAL_ACCENT_COLOR_NAME = AccentColor;
				CODE_SIGN_STYLE = Automatic;
				CURRENT_PROJECT_VERSION = 1;
				DEVELOPMENT_TEAM = 3AW2YNGT24;
				GENERATE_INFOPLIST_FILE = YES;
				INFOPLIST_FILE = "Social-Media/Info.plist";
				INFOPLIST_KEY_UIApplicationSupportsIndirectInputEvents = YES;
				INFOPLIST_KEY_UILaunchStoryboardName = LaunchScreen;
				INFOPLIST_KEY_UISupportedInterfaceOrientations_iPad = "UIInterfaceOrientationPortrait UIInterfaceOrientationPortraitUpsideDown UIInterfaceOrientationLandscapeLeft UIInterfaceOrientationLandscapeRight";
				INFOPLIST_KEY_UISupportedInterfaceOrientations_iPhone = "UIInterfaceOrientationPortrait UIInterfaceOrientationLandscapeLeft UIInterfaceOrientationLandscapeRight";
				LD_RUNPATH_SEARCH_PATHS = (
					"$(inherited)",
					"@executable_path/Frameworks",
				);
				MARKETING_VERSION = 1.0;
				PRODUCT_BUNDLE_IDENTIFIER = "com.FA.Social-Media";
				PRODUCT_NAME = "$(TARGET_NAME)";
				SWIFT_EMIT_LOC_STRINGS = YES;
				SWIFT_VERSION = 5.0;
				TARGETED_DEVICE_FAMILY = "1,2";
			};
			name = Debug;
		};
		FA3111B727B2D25F002F1885 /* Release */ = {
			isa = XCBuildConfiguration;
			baseConfigurationReference = 907D1D02912808C6272D8205 /* Pods-Social-Media.release.xcconfig */;
			buildSettings = {
				ASSETCATALOG_COMPILER_APPICON_NAME = AppIcon;
				ASSETCATALOG_COMPILER_GLOBAL_ACCENT_COLOR_NAME = AccentColor;
				CODE_SIGN_STYLE = Automatic;
				CURRENT_PROJECT_VERSION = 1;
				DEVELOPMENT_TEAM = 3AW2YNGT24;
				GENERATE_INFOPLIST_FILE = YES;
				INFOPLIST_FILE = "Social-Media/Info.plist";
				INFOPLIST_KEY_UIApplicationSupportsIndirectInputEvents = YES;
				INFOPLIST_KEY_UILaunchStoryboardName = LaunchScreen;
				INFOPLIST_KEY_UISupportedInterfaceOrientations_iPad = "UIInterfaceOrientationPortrait UIInterfaceOrientationPortraitUpsideDown UIInterfaceOrientationLandscapeLeft UIInterfaceOrientationLandscapeRight";
				INFOPLIST_KEY_UISupportedInterfaceOrientations_iPhone = "UIInterfaceOrientationPortrait UIInterfaceOrientationLandscapeLeft UIInterfaceOrientationLandscapeRight";
				LD_RUNPATH_SEARCH_PATHS = (
					"$(inherited)",
					"@executable_path/Frameworks",
				);
				MARKETING_VERSION = 1.0;
				PRODUCT_BUNDLE_IDENTIFIER = "com.FA.Social-Media";
				PRODUCT_NAME = "$(TARGET_NAME)";
				SWIFT_EMIT_LOC_STRINGS = YES;
				SWIFT_VERSION = 5.0;
				TARGETED_DEVICE_FAMILY = "1,2";
			};
			name = Release;
		};
/* End XCBuildConfiguration section */

/* Begin XCConfigurationList section */
		FA31119C27B2D25E002F1885 /* Build configuration list for PBXProject "Social-Media" */ = {
			isa = XCConfigurationList;
			buildConfigurations = (
				FA3111B327B2D25F002F1885 /* Debug */,
				FA3111B427B2D25F002F1885 /* Release */,
			);
			defaultConfigurationIsVisible = 0;
			defaultConfigurationName = Release;
		};
		FA3111B527B2D25F002F1885 /* Build configuration list for PBXNativeTarget "Social-Media" */ = {
			isa = XCConfigurationList;
			buildConfigurations = (
				FA3111B627B2D25F002F1885 /* Debug */,
				FA3111B727B2D25F002F1885 /* Release */,
			);
			defaultConfigurationIsVisible = 0;
			defaultConfigurationName = Release;
		};
/* End XCConfigurationList section */
	};
	rootObject = FA31119927B2D25E002F1885 /* Project object */;
}
